// !$*UTF8*$!
{
	archiveVersion = 1;
	classes = {
	};
	objectVersion = 48;
	objects = {

/* Begin PBXBuildFile section */
		6BD7662D208504E3003FD599 /* AppDelegate.m in Sources */ = {isa = PBXBuildFile; fileRef = 6BD7662C208504E3003FD599 /* AppDelegate.m */; };
		6BD76630208504E3003FD599 /* ViewController.m in Sources */ = {isa = PBXBuildFile; fileRef = 6BD7662F208504E3003FD599 /* ViewController.m */; };
		6BD76633208504E3003FD599 /* Main.storyboard in Resources */ = {isa = PBXBuildFile; fileRef = 6BD76631208504E3003FD599 /* Main.storyboard */; };
		6BD76635208504E3003FD599 /* Assets.xcassets in Resources */ = {isa = PBXBuildFile; fileRef = 6BD76634208504E3003FD599 /* Assets.xcassets */; };
		6BD76638208504E3003FD599 /* LaunchScreen.storyboard in Resources */ = {isa = PBXBuildFile; fileRef = 6BD76636208504E3003FD599 /* LaunchScreen.storyboard */; };
		6BD7663B208504E3003FD599 /* main.m in Sources */ = {isa = PBXBuildFile; fileRef = 6BD7663A208504E3003FD599 /* main.m */; };
		6BD766432085085A003FD599 /* corver.jpg in Resources */ = {isa = PBXBuildFile; fileRef = 6BD766422085085A003FD599 /* corver.jpg */; };
		6BD76674208508F5003FD599 /* UIView+LayoutHelp.m in Sources */ = {isa = PBXBuildFile; fileRef = 6BD76651208508F4003FD599 /* UIView+LayoutHelp.m */; };
		6BD76675208508F5003FD599 /* UIView+JTParentVC.m in Sources */ = {isa = PBXBuildFile; fileRef = 6BD76652208508F4003FD599 /* UIView+JTParentVC.m */; };
		6BD76676208508F5003FD599 /* UIView+Radius.m in Sources */ = {isa = PBXBuildFile; fileRef = 6BD76654208508F4003FD599 /* UIView+Radius.m */; };
		6BD76677208508F5003FD599 /* UINavigationController+ShouldPop.m in Sources */ = {isa = PBXBuildFile; fileRef = 6BD76656208508F5003FD599 /* UINavigationController+ShouldPop.m */; };
		6BD76678208508F5003FD599 /* UITabBar+Dot.m in Sources */ = {isa = PBXBuildFile; fileRef = 6BD76659208508F5003FD599 /* UITabBar+Dot.m */; };
		6BD76679208508F5003FD599 /* UIImage+Name.m in Sources */ = {isa = PBXBuildFile; fileRef = 6BD7665D208508F5003FD599 /* UIImage+Name.m */; };
		6BD7667B208508F5003FD599 /* UIImage+Tint.m in Sources */ = {isa = PBXBuildFile; fileRef = 6BD76662208508F5003FD599 /* UIImage+Tint.m */; };
		6BD7667C208508F5003FD599 /* UIImage+JCPictureEdit.m in Sources */ = {isa = PBXBuildFile; fileRef = 6BD76664208508F5003FD599 /* UIImage+JCPictureEdit.m */; };
		6BD7667D208508F5003FD599 /* UIImage+ImageEffects.m in Sources */ = {isa = PBXBuildFile; fileRef = 6BD76665208508F5003FD599 /* UIImage+ImageEffects.m */; };
		6BD7667E208508F5003FD599 /* UIImage+Read.m in Sources */ = {isa = PBXBuildFile; fileRef = 6BD76667208508F5003FD599 /* UIImage+Read.m */; };
		6BD7669E20850E11003FD599 /* ViewController.m in Sources */ = {isa = PBXBuildFile; fileRef = 6BD7662F208504E3003FD599 /* ViewController.m */; };
		6BD7669F20850E11003FD599 /* UIImage+Name.m in Sources */ = {isa = PBXBuildFile; fileRef = 6BD7665D208508F5003FD599 /* UIImage+Name.m */; };
		6BD766A020850E11003FD599 /* UIView+LayoutHelp.m in Sources */ = {isa = PBXBuildFile; fileRef = 6BD76651208508F4003FD599 /* UIView+LayoutHelp.m */; };
		6BD766A120850E11003FD599 /* UIView+JTParentVC.m in Sources */ = {isa = PBXBuildFile; fileRef = 6BD76652208508F4003FD599 /* UIView+JTParentVC.m */; };
		6BD766A220850E11003FD599 /* UINavigationController+ShouldPop.m in Sources */ = {isa = PBXBuildFile; fileRef = 6BD76656208508F5003FD599 /* UINavigationController+ShouldPop.m */; };
		6BD766A320850E11003FD599 /* UITabBar+Dot.m in Sources */ = {isa = PBXBuildFile; fileRef = 6BD76659208508F5003FD599 /* UITabBar+Dot.m */; };
		6BD766A420850E11003FD599 /* main.m in Sources */ = {isa = PBXBuildFile; fileRef = 6BD7663A208504E3003FD599 /* main.m */; };
		6BD766A520850E11003FD599 /* AppDelegate.m in Sources */ = {isa = PBXBuildFile; fileRef = 6BD7662C208504E3003FD599 /* AppDelegate.m */; };
		6BD766A720850E11003FD599 /* UIImage+Tint.m in Sources */ = {isa = PBXBuildFile; fileRef = 6BD76662208508F5003FD599 /* UIImage+Tint.m */; };
		6BD766A820850E11003FD599 /* UIImage+JCPictureEdit.m in Sources */ = {isa = PBXBuildFile; fileRef = 6BD76664208508F5003FD599 /* UIImage+JCPictureEdit.m */; };
		6BD766A920850E11003FD599 /* UIView+Radius.m in Sources */ = {isa = PBXBuildFile; fileRef = 6BD76654208508F4003FD599 /* UIView+Radius.m */; };
		6BD766AA20850E11003FD599 /* UIImage+ImageEffects.m in Sources */ = {isa = PBXBuildFile; fileRef = 6BD76665208508F5003FD599 /* UIImage+ImageEffects.m */; };
		6BD766AB20850E11003FD599 /* UIImage+Read.m in Sources */ = {isa = PBXBuildFile; fileRef = 6BD76667208508F5003FD599 /* UIImage+Read.m */; };
		6BD766AE20850E11003FD599 /* LaunchScreen.storyboard in Resources */ = {isa = PBXBuildFile; fileRef = 6BD76636208504E3003FD599 /* LaunchScreen.storyboard */; };
		6BD766AF20850E11003FD599 /* Assets.xcassets in Resources */ = {isa = PBXBuildFile; fileRef = 6BD76634208504E3003FD599 /* Assets.xcassets */; };
		6BD766B020850E11003FD599 /* corver.jpg in Resources */ = {isa = PBXBuildFile; fileRef = 6BD766422085085A003FD599 /* corver.jpg */; };
		6BD766B120850E11003FD599 /* Main.storyboard in Resources */ = {isa = PBXBuildFile; fileRef = 6BD76631208504E3003FD599 /* Main.storyboard */; };
		6BD766BA208515B8003FD599 /* linJiang.m4a in Resources */ = {isa = PBXBuildFile; fileRef = 6BD766B7208511D1003FD599 /* linJiang.m4a */; };
		6BD766BB208515B9003FD599 /* linJiang.m4a in Resources */ = {isa = PBXBuildFile; fileRef = 6BD766B7208511D1003FD599 /* linJiang.m4a */; };
		9E7276402088A01900FE9454 /* RGBorderLabel.m in Sources */ = {isa = PBXBuildFile; fileRef = 9E72763F2088A01900FE9454 /* RGBorderLabel.m */; };
		9E7276412088A01900FE9454 /* RGBorderLabel.m in Sources */ = {isa = PBXBuildFile; fileRef = 9E72763F2088A01900FE9454 /* RGBorderLabel.m */; };
		9E7276442088F3B300FE9454 /* CTChatTableViewController.m in Sources */ = {isa = PBXBuildFile; fileRef = 9E7276432088F3B200FE9454 /* CTChatTableViewController.m */; };
		9E7276452088F3B300FE9454 /* CTChatTableViewController.m in Sources */ = {isa = PBXBuildFile; fileRef = 9E7276432088F3B200FE9454 /* CTChatTableViewController.m */; };
		9E72764B2088FE2A00FE9454 /* CTChatTableViewCell.m in Sources */ = {isa = PBXBuildFile; fileRef = 9E72764A2088FE2A00FE9454 /* CTChatTableViewCell.m */; };
		9E72764C2088FE2A00FE9454 /* CTChatTableViewCell.m in Sources */ = {isa = PBXBuildFile; fileRef = 9E72764A2088FE2A00FE9454 /* CTChatTableViewCell.m */; };
		9E7276512088FEBE00FE9454 /* CTChatTableViewCell.xib in Resources */ = {isa = PBXBuildFile; fileRef = 9E7276502088FEBE00FE9454 /* CTChatTableViewCell.xib */; };
		9E7276522088FEBE00FE9454 /* CTChatTableViewCell.xib in Resources */ = {isa = PBXBuildFile; fileRef = 9E7276502088FEBE00FE9454 /* CTChatTableViewCell.xib */; };
		9E72765520896B9C00FE9454 /* CTChatBubbleLabel.m in Sources */ = {isa = PBXBuildFile; fileRef = 9E72765420896B9B00FE9454 /* CTChatBubbleLabel.m */; };
		9E72765620896B9C00FE9454 /* CTChatBubbleLabel.m in Sources */ = {isa = PBXBuildFile; fileRef = 9E72765420896B9B00FE9454 /* CTChatBubbleLabel.m */; };
		9E7276662089E52000FE9454 /* chatBg.png in Resources */ = {isa = PBXBuildFile; fileRef = 9E7276652089E52000FE9454 /* chatBg.png */; };
		9E7276672089E52000FE9454 /* chatBg.png in Resources */ = {isa = PBXBuildFile; fileRef = 9E7276652089E52000FE9454 /* chatBg.png */; };
		9E72766B208A23D600FE9454 /* CTChatModel.m in Sources */ = {isa = PBXBuildFile; fileRef = 9E72766A208A23D600FE9454 /* CTChatModel.m */; };
		9E72766C208A23D600FE9454 /* CTChatModel.m in Sources */ = {isa = PBXBuildFile; fileRef = 9E72766A208A23D600FE9454 /* CTChatModel.m */; };
		9E727670208A36F500FE9454 /* CTNavigationController.m in Sources */ = {isa = PBXBuildFile; fileRef = 9E72766F208A36F500FE9454 /* CTNavigationController.m */; };
		9E727671208A36F500FE9454 /* CTNavigationController.m in Sources */ = {isa = PBXBuildFile; fileRef = 9E72766F208A36F500FE9454 /* CTNavigationController.m */; };
		9E727675208C13BF00FE9454 /* CTChatInputView.m in Sources */ = {isa = PBXBuildFile; fileRef = 9E727674208C13BF00FE9454 /* CTChatInputView.m */; };
		9E727676208C13BF00FE9454 /* CTChatInputView.m in Sources */ = {isa = PBXBuildFile; fileRef = 9E727674208C13BF00FE9454 /* CTChatInputView.m */; };
		9E72767D208DBE7D00FE9454 /* CTStubbornView.m in Sources */ = {isa = PBXBuildFile; fileRef = 9E72767C208DBE7D00FE9454 /* CTStubbornView.m */; };
		9E72767E208DBE7D00FE9454 /* CTStubbornView.m in Sources */ = {isa = PBXBuildFile; fileRef = 9E72767C208DBE7D00FE9454 /* CTStubbornView.m */; };
		E6035A17209BF9AB00A6C6CA /* RGBubbleView.m in Sources */ = {isa = PBXBuildFile; fileRef = E6035A16209BF9AB00A6C6CA /* RGBubbleView.m */; };
		E6035A18209BF9AB00A6C6CA /* RGBubbleView.m in Sources */ = {isa = PBXBuildFile; fileRef = E6035A16209BF9AB00A6C6CA /* RGBubbleView.m */; };
		E64713532096EC1700A304BC /* UIViewController+DragBarItem.m in Sources */ = {isa = PBXBuildFile; fileRef = E64713522096EC1600A304BC /* UIViewController+DragBarItem.m */; };
		E64713542096EC1700A304BC /* UIViewController+DragBarItem.m in Sources */ = {isa = PBXBuildFile; fileRef = E64713522096EC1600A304BC /* UIViewController+DragBarItem.m */; };
		E6B7F45F2093DE2B00918BC8 /* CTCameraView.m in Sources */ = {isa = PBXBuildFile; fileRef = E6B7F45E2093DE2B00918BC8 /* CTCameraView.m */; };
		E6B7F4602093DE2B00918BC8 /* CTCameraView.m in Sources */ = {isa = PBXBuildFile; fileRef = E6B7F45E2093DE2B00918BC8 /* CTCameraView.m */; };
		E6B7F4682093F9B300918BC8 /* UIViewController+BarFrame.m in Sources */ = {isa = PBXBuildFile; fileRef = E6B7F4652093F9B300918BC8 /* UIViewController+BarFrame.m */; };
		E6B7F4692093F9B300918BC8 /* UIViewController+BarFrame.m in Sources */ = {isa = PBXBuildFile; fileRef = E6B7F4652093F9B300918BC8 /* UIViewController+BarFrame.m */; };
		E6B7F4702093FBB100918BC8 /* UIViewController+SafeArea.m in Sources */ = {isa = PBXBuildFile; fileRef = E6B7F46F2093FBB100918BC8 /* UIViewController+SafeArea.m */; };
		E6B7F4712093FBB100918BC8 /* UIViewController+SafeArea.m in Sources */ = {isa = PBXBuildFile; fileRef = E6B7F46F2093FBB100918BC8 /* UIViewController+SafeArea.m */; };
		E6B7F4792094468700918BC8 /* UINavigationItem+Gesture.m in Sources */ = {isa = PBXBuildFile; fileRef = E6B7F4782094468700918BC8 /* UINavigationItem+Gesture.m */; };
		E6B7F47A2094468700918BC8 /* UINavigationItem+Gesture.m in Sources */ = {isa = PBXBuildFile; fileRef = E6B7F4782094468700918BC8 /* UINavigationItem+Gesture.m */; };
		E6B7F47D20944FA900918BC8 /* UIView+PanGestureHelp.m in Sources */ = {isa = PBXBuildFile; fileRef = E6B7F47C20944FA900918BC8 /* UIView+PanGestureHelp.m */; };
		E6B7F47E20944FA900918BC8 /* UIView+PanGestureHelp.m in Sources */ = {isa = PBXBuildFile; fileRef = E6B7F47C20944FA900918BC8 /* UIView+PanGestureHelp.m */; };
		E6B7F48B2096869800918BC8 /* CTMusicButton.m in Sources */ = {isa = PBXBuildFile; fileRef = E6B7F48A2096869800918BC8 /* CTMusicButton.m */; };
		E6B7F48C2096869800918BC8 /* CTMusicButton.m in Sources */ = {isa = PBXBuildFile; fileRef = E6B7F48A2096869800918BC8 /* CTMusicButton.m */; };
		E6E05AD7209C358C00C54A24 /* chatBg_1.jpg in Resources */ = {isa = PBXBuildFile; fileRef = E6E05AD6209C358C00C54A24 /* chatBg_1.jpg */; };
		E6E05AD8209C358C00C54A24 /* chatBg_1.jpg in Resources */ = {isa = PBXBuildFile; fileRef = E6E05AD6209C358C00C54A24 /* chatBg_1.jpg */; };
/* End PBXBuildFile section */

/* Begin PBXFileReference section */
		6BD76628208504E3003FD599 /* CampTalk.app */ = {isa = PBXFileReference; explicitFileType = wrapper.application; includeInIndex = 0; path = CampTalk.app; sourceTree = BUILT_PRODUCTS_DIR; };
		6BD7662B208504E3003FD599 /* AppDelegate.h */ = {isa = PBXFileReference; lastKnownFileType = sourcecode.c.h; path = AppDelegate.h; sourceTree = "<group>"; };
		6BD7662C208504E3003FD599 /* AppDelegate.m */ = {isa = PBXFileReference; lastKnownFileType = sourcecode.c.objc; path = AppDelegate.m; sourceTree = "<group>"; };
		6BD7662E208504E3003FD599 /* ViewController.h */ = {isa = PBXFileReference; lastKnownFileType = sourcecode.c.h; path = ViewController.h; sourceTree = "<group>"; };
		6BD7662F208504E3003FD599 /* ViewController.m */ = {isa = PBXFileReference; lastKnownFileType = sourcecode.c.objc; path = ViewController.m; sourceTree = "<group>"; };
		6BD76632208504E3003FD599 /* Base */ = {isa = PBXFileReference; lastKnownFileType = file.storyboard; name = Base; path = Base.lproj/Main.storyboard; sourceTree = "<group>"; };
		6BD76634208504E3003FD599 /* Assets.xcassets */ = {isa = PBXFileReference; lastKnownFileType = folder.assetcatalog; path = Assets.xcassets; sourceTree = "<group>"; };
		6BD76637208504E3003FD599 /* Base */ = {isa = PBXFileReference; lastKnownFileType = file.storyboard; name = Base; path = Base.lproj/LaunchScreen.storyboard; sourceTree = "<group>"; };
		6BD76639208504E3003FD599 /* Info.plist */ = {isa = PBXFileReference; lastKnownFileType = text.plist.xml; path = Info.plist; sourceTree = "<group>"; };
		6BD7663A208504E3003FD599 /* main.m */ = {isa = PBXFileReference; lastKnownFileType = sourcecode.c.objc; path = main.m; sourceTree = "<group>"; };
		6BD766422085085A003FD599 /* corver.jpg */ = {isa = PBXFileReference; lastKnownFileType = image.jpeg; path = corver.jpg; sourceTree = "<group>"; };
		6BD7664F208508F4003FD599 /* UIView+JTParentVC.h */ = {isa = PBXFileReference; fileEncoding = 4; lastKnownFileType = sourcecode.c.h; path = "UIView+JTParentVC.h"; sourceTree = "<group>"; };
		6BD76650208508F4003FD599 /* UIView+Radius.h */ = {isa = PBXFileReference; fileEncoding = 4; lastKnownFileType = sourcecode.c.h; path = "UIView+Radius.h"; sourceTree = "<group>"; };
		6BD76651208508F4003FD599 /* UIView+LayoutHelp.m */ = {isa = PBXFileReference; fileEncoding = 4; lastKnownFileType = sourcecode.c.objc; path = "UIView+LayoutHelp.m"; sourceTree = "<group>"; };
		6BD76652208508F4003FD599 /* UIView+JTParentVC.m */ = {isa = PBXFileReference; fileEncoding = 4; lastKnownFileType = sourcecode.c.objc; path = "UIView+JTParentVC.m"; sourceTree = "<group>"; };
		6BD76653208508F4003FD599 /* UIView+LayoutHelp.h */ = {isa = PBXFileReference; fileEncoding = 4; lastKnownFileType = sourcecode.c.h; path = "UIView+LayoutHelp.h"; sourceTree = "<group>"; };
		6BD76654208508F4003FD599 /* UIView+Radius.m */ = {isa = PBXFileReference; fileEncoding = 4; lastKnownFileType = sourcecode.c.objc; path = "UIView+Radius.m"; sourceTree = "<group>"; };
		6BD76656208508F5003FD599 /* UINavigationController+ShouldPop.m */ = {isa = PBXFileReference; fileEncoding = 4; lastKnownFileType = sourcecode.c.objc; path = "UINavigationController+ShouldPop.m"; sourceTree = "<group>"; };
		6BD76657208508F5003FD599 /* UINavigationController+ShouldPop.h */ = {isa = PBXFileReference; fileEncoding = 4; lastKnownFileType = sourcecode.c.h; path = "UINavigationController+ShouldPop.h"; sourceTree = "<group>"; };
		6BD76659208508F5003FD599 /* UITabBar+Dot.m */ = {isa = PBXFileReference; fileEncoding = 4; lastKnownFileType = sourcecode.c.objc; path = "UITabBar+Dot.m"; sourceTree = "<group>"; };
		6BD7665A208508F5003FD599 /* UITabBar+Dot.h */ = {isa = PBXFileReference; fileEncoding = 4; lastKnownFileType = sourcecode.c.h; path = "UITabBar+Dot.h"; sourceTree = "<group>"; };
		6BD7665C208508F5003FD599 /* UIImage+Tint.h */ = {isa = PBXFileReference; fileEncoding = 4; lastKnownFileType = sourcecode.c.h; path = "UIImage+Tint.h"; sourceTree = "<group>"; };
		6BD7665D208508F5003FD599 /* UIImage+Name.m */ = {isa = PBXFileReference; fileEncoding = 4; lastKnownFileType = sourcecode.c.objc; path = "UIImage+Name.m"; sourceTree = "<group>"; };
		6BD7665E208508F5003FD599 /* UIImage+ImageEffects.h */ = {isa = PBXFileReference; fileEncoding = 4; lastKnownFileType = sourcecode.c.h; path = "UIImage+ImageEffects.h"; sourceTree = "<group>"; };
		6BD7665F208508F5003FD599 /* UIImage+JCPictureEdit.h */ = {isa = PBXFileReference; fileEncoding = 4; lastKnownFileType = sourcecode.c.h; path = "UIImage+JCPictureEdit.h"; sourceTree = "<group>"; };
		6BD76660208508F5003FD599 /* UIImage+Read.h */ = {isa = PBXFileReference; fileEncoding = 4; lastKnownFileType = sourcecode.c.h; path = "UIImage+Read.h"; sourceTree = "<group>"; };
		6BD76662208508F5003FD599 /* UIImage+Tint.m */ = {isa = PBXFileReference; fileEncoding = 4; lastKnownFileType = sourcecode.c.objc; path = "UIImage+Tint.m"; sourceTree = "<group>"; };
		6BD76663208508F5003FD599 /* UIImage+Name.h */ = {isa = PBXFileReference; fileEncoding = 4; lastKnownFileType = sourcecode.c.h; path = "UIImage+Name.h"; sourceTree = "<group>"; };
		6BD76664208508F5003FD599 /* UIImage+JCPictureEdit.m */ = {isa = PBXFileReference; fileEncoding = 4; lastKnownFileType = sourcecode.c.objc; path = "UIImage+JCPictureEdit.m"; sourceTree = "<group>"; };
		6BD76665208508F5003FD599 /* UIImage+ImageEffects.m */ = {isa = PBXFileReference; fileEncoding = 4; lastKnownFileType = sourcecode.c.objc; path = "UIImage+ImageEffects.m"; sourceTree = "<group>"; };
		6BD76667208508F5003FD599 /* UIImage+Read.m */ = {isa = PBXFileReference; fileEncoding = 4; lastKnownFileType = sourcecode.c.objc; path = "UIImage+Read.m"; sourceTree = "<group>"; };
		6BD766B520850E11003FD599 /* CampTalk Beta.app */ = {isa = PBXFileReference; explicitFileType = wrapper.application; includeInIndex = 0; path = "CampTalk Beta.app"; sourceTree = BUILT_PRODUCTS_DIR; };
		6BD766B7208511D1003FD599 /* linJiang.m4a */ = {isa = PBXFileReference; lastKnownFileType = file; path = linJiang.m4a; sourceTree = "<group>"; };
		9E72763E2088A01900FE9454 /* RGBorderLabel.h */ = {isa = PBXFileReference; lastKnownFileType = sourcecode.c.h; path = RGBorderLabel.h; sourceTree = "<group>"; };
		9E72763F2088A01900FE9454 /* RGBorderLabel.m */ = {isa = PBXFileReference; lastKnownFileType = sourcecode.c.objc; path = RGBorderLabel.m; sourceTree = "<group>"; };
		9E7276422088F3B200FE9454 /* CTChatTableViewController.h */ = {isa = PBXFileReference; lastKnownFileType = sourcecode.c.h; path = CTChatTableViewController.h; sourceTree = "<group>"; };
		9E7276432088F3B200FE9454 /* CTChatTableViewController.m */ = {isa = PBXFileReference; lastKnownFileType = sourcecode.c.objc; path = CTChatTableViewController.m; sourceTree = "<group>"; };
		9E7276492088FE2A00FE9454 /* CTChatTableViewCell.h */ = {isa = PBXFileReference; lastKnownFileType = sourcecode.c.h; path = CTChatTableViewCell.h; sourceTree = "<group>"; };
		9E72764A2088FE2A00FE9454 /* CTChatTableViewCell.m */ = {isa = PBXFileReference; lastKnownFileType = sourcecode.c.objc; path = CTChatTableViewCell.m; sourceTree = "<group>"; };
		9E7276502088FEBE00FE9454 /* CTChatTableViewCell.xib */ = {isa = PBXFileReference; lastKnownFileType = file.xib; path = CTChatTableViewCell.xib; sourceTree = "<group>"; };
		9E72765320896B9B00FE9454 /* CTChatBubbleLabel.h */ = {isa = PBXFileReference; lastKnownFileType = sourcecode.c.h; path = CTChatBubbleLabel.h; sourceTree = "<group>"; };
		9E72765420896B9B00FE9454 /* CTChatBubbleLabel.m */ = {isa = PBXFileReference; lastKnownFileType = sourcecode.c.objc; path = CTChatBubbleLabel.m; sourceTree = "<group>"; };
		9E7276652089E52000FE9454 /* chatBg.png */ = {isa = PBXFileReference; lastKnownFileType = image.png; path = chatBg.png; sourceTree = "<group>"; };
		9E727669208A23D600FE9454 /* CTChatModel.h */ = {isa = PBXFileReference; lastKnownFileType = sourcecode.c.h; path = CTChatModel.h; sourceTree = "<group>"; };
		9E72766A208A23D600FE9454 /* CTChatModel.m */ = {isa = PBXFileReference; lastKnownFileType = sourcecode.c.objc; path = CTChatModel.m; sourceTree = "<group>"; };
		9E72766E208A36F500FE9454 /* CTNavigationController.h */ = {isa = PBXFileReference; lastKnownFileType = sourcecode.c.h; path = CTNavigationController.h; sourceTree = "<group>"; };
		9E72766F208A36F500FE9454 /* CTNavigationController.m */ = {isa = PBXFileReference; lastKnownFileType = sourcecode.c.objc; path = CTNavigationController.m; sourceTree = "<group>"; };
		9E727673208C13BF00FE9454 /* CTChatInputView.h */ = {isa = PBXFileReference; lastKnownFileType = sourcecode.c.h; path = CTChatInputView.h; sourceTree = "<group>"; };
		9E727674208C13BF00FE9454 /* CTChatInputView.m */ = {isa = PBXFileReference; lastKnownFileType = sourcecode.c.objc; path = CTChatInputView.m; sourceTree = "<group>"; };
		9E72767B208DBE7D00FE9454 /* CTStubbornView.h */ = {isa = PBXFileReference; lastKnownFileType = sourcecode.c.h; path = CTStubbornView.h; sourceTree = "<group>"; };
		9E72767C208DBE7D00FE9454 /* CTStubbornView.m */ = {isa = PBXFileReference; lastKnownFileType = sourcecode.c.objc; path = CTStubbornView.m; sourceTree = "<group>"; };
		E6035A15209BF9AB00A6C6CA /* RGBubbleView.h */ = {isa = PBXFileReference; lastKnownFileType = sourcecode.c.h; path = RGBubbleView.h; sourceTree = "<group>"; };
		E6035A16209BF9AB00A6C6CA /* RGBubbleView.m */ = {isa = PBXFileReference; lastKnownFileType = sourcecode.c.objc; path = RGBubbleView.m; sourceTree = "<group>"; };
		E64713512096EC1600A304BC /* UIViewController+DragBarItem.h */ = {isa = PBXFileReference; lastKnownFileType = sourcecode.c.h; path = "UIViewController+DragBarItem.h"; sourceTree = "<group>"; };
		E64713522096EC1600A304BC /* UIViewController+DragBarItem.m */ = {isa = PBXFileReference; lastKnownFileType = sourcecode.c.objc; path = "UIViewController+DragBarItem.m"; sourceTree = "<group>"; };
		E6B7F45D2093DE2B00918BC8 /* CTCameraView.h */ = {isa = PBXFileReference; lastKnownFileType = sourcecode.c.h; path = CTCameraView.h; sourceTree = "<group>"; };
		E6B7F45E2093DE2B00918BC8 /* CTCameraView.m */ = {isa = PBXFileReference; lastKnownFileType = sourcecode.c.objc; path = CTCameraView.m; sourceTree = "<group>"; };
		E6B7F4632093F9B300918BC8 /* UIViewController+BarFrame.h */ = {isa = PBXFileReference; fileEncoding = 4; lastKnownFileType = sourcecode.c.h; path = "UIViewController+BarFrame.h"; sourceTree = "<group>"; };
		E6B7F4652093F9B300918BC8 /* UIViewController+BarFrame.m */ = {isa = PBXFileReference; fileEncoding = 4; lastKnownFileType = sourcecode.c.objc; path = "UIViewController+BarFrame.m"; sourceTree = "<group>"; };
		E6B7F46E2093FBB100918BC8 /* UIViewController+SafeArea.h */ = {isa = PBXFileReference; fileEncoding = 4; lastKnownFileType = sourcecode.c.h; path = "UIViewController+SafeArea.h"; sourceTree = "<group>"; };
		E6B7F46F2093FBB100918BC8 /* UIViewController+SafeArea.m */ = {isa = PBXFileReference; fileEncoding = 4; lastKnownFileType = sourcecode.c.objc; path = "UIViewController+SafeArea.m"; sourceTree = "<group>"; };
		E6B7F4772094468700918BC8 /* UINavigationItem+Gesture.h */ = {isa = PBXFileReference; fileEncoding = 4; lastKnownFileType = sourcecode.c.h; path = "UINavigationItem+Gesture.h"; sourceTree = "<group>"; };
		E6B7F4782094468700918BC8 /* UINavigationItem+Gesture.m */ = {isa = PBXFileReference; fileEncoding = 4; lastKnownFileType = sourcecode.c.objc; path = "UINavigationItem+Gesture.m"; sourceTree = "<group>"; };
		E6B7F47B20944FA900918BC8 /* UIView+PanGestureHelp.h */ = {isa = PBXFileReference; lastKnownFileType = sourcecode.c.h; path = "UIView+PanGestureHelp.h"; sourceTree = "<group>"; };
		E6B7F47C20944FA900918BC8 /* UIView+PanGestureHelp.m */ = {isa = PBXFileReference; lastKnownFileType = sourcecode.c.objc; path = "UIView+PanGestureHelp.m"; sourceTree = "<group>"; };
		E6B7F4892096869800918BC8 /* CTMusicButton.h */ = {isa = PBXFileReference; lastKnownFileType = sourcecode.c.h; path = CTMusicButton.h; sourceTree = "<group>"; };
		E6B7F48A2096869800918BC8 /* CTMusicButton.m */ = {isa = PBXFileReference; lastKnownFileType = sourcecode.c.objc; path = CTMusicButton.m; sourceTree = "<group>"; };
		E6E05AD6209C358C00C54A24 /* chatBg_1.jpg */ = {isa = PBXFileReference; lastKnownFileType = image.jpeg; path = chatBg_1.jpg; sourceTree = "<group>"; };
/* End PBXFileReference section */

/* Begin PBXFrameworksBuildPhase section */
		6BD76625208504E3003FD599 /* Frameworks */ = {
			isa = PBXFrameworksBuildPhase;
			buildActionMask = 2147483647;
			files = (
			);
			runOnlyForDeploymentPostprocessing = 0;
		};
		6BD766AC20850E11003FD599 /* Frameworks */ = {
			isa = PBXFrameworksBuildPhase;
			buildActionMask = 2147483647;
			files = (
			);
			runOnlyForDeploymentPostprocessing = 0;
		};
/* End PBXFrameworksBuildPhase section */

/* Begin PBXGroup section */
		6BD7661F208504E3003FD599 = {
			isa = PBXGroup;
			children = (
				6BD7662A208504E3003FD599 /* CampTalk */,
				6BD76629208504E3003FD599 /* Products */,
			);
			sourceTree = "<group>";
		};
		6BD76629208504E3003FD599 /* Products */ = {
			isa = PBXGroup;
			children = (
				6BD76628208504E3003FD599 /* CampTalk.app */,
				6BD766B520850E11003FD599 /* CampTalk Beta.app */,
			);
			name = Products;
			sourceTree = "<group>";
		};
		6BD7662A208504E3003FD599 /* CampTalk */ = {
			isa = PBXGroup;
			children = (
				9E72766D208A36B500FE9454 /* Base */,
				9E72764D2088FE4800FE9454 /* Chat */,
				6BD76645208508E9003FD599 /* Category */,
				6BD7664120850841003FD599 /* Resource */,
				6BD7662B208504E3003FD599 /* AppDelegate.h */,
				6BD7662C208504E3003FD599 /* AppDelegate.m */,
				6BD7662E208504E3003FD599 /* ViewController.h */,
				6BD7662F208504E3003FD599 /* ViewController.m */,
				6BD76631208504E3003FD599 /* Main.storyboard */,
				6BD76634208504E3003FD599 /* Assets.xcassets */,
				6BD76636208504E3003FD599 /* LaunchScreen.storyboard */,
				6BD76639208504E3003FD599 /* Info.plist */,
				6BD7663A208504E3003FD599 /* main.m */,
			);
			path = CampTalk;
			sourceTree = "<group>";
		};
		6BD7664120850841003FD599 /* Resource */ = {
			isa = PBXGroup;
			children = (
				6BD766B9208511E3003FD599 /* music */,
				6BD766B8208511D7003FD599 /* Image */,
			);
			path = Resource;
			sourceTree = "<group>";
		};
		6BD76645208508E9003FD599 /* Category */ = {
			isa = PBXGroup;
			children = (
				E6B7F4762094468700918BC8 /* UINavigationItem */,
				6BD7665B208508F5003FD599 /* UIImage */,
				6BD76655208508F5003FD599 /* UINavigationController */,
				6BD76658208508F5003FD599 /* UITabBar */,
				6BD7664E208508F4003FD599 /* UIView */,
				E6B7F4612093F9B300918BC8 /* UIViewController */,
			);
			path = Category;
			sourceTree = "<group>";
		};
		6BD7664E208508F4003FD599 /* UIView */ = {
			isa = PBXGroup;
			children = (
				6BD7664F208508F4003FD599 /* UIView+JTParentVC.h */,
				6BD76652208508F4003FD599 /* UIView+JTParentVC.m */,
				6BD76653208508F4003FD599 /* UIView+LayoutHelp.h */,
				6BD76651208508F4003FD599 /* UIView+LayoutHelp.m */,
				6BD76650208508F4003FD599 /* UIView+Radius.h */,
				6BD76654208508F4003FD599 /* UIView+Radius.m */,
				E6B7F47B20944FA900918BC8 /* UIView+PanGestureHelp.h */,
				E6B7F47C20944FA900918BC8 /* UIView+PanGestureHelp.m */,
			);
			path = UIView;
			sourceTree = "<group>";
		};
		6BD76655208508F5003FD599 /* UINavigationController */ = {
			isa = PBXGroup;
			children = (
				6BD76657208508F5003FD599 /* UINavigationController+ShouldPop.h */,
				6BD76656208508F5003FD599 /* UINavigationController+ShouldPop.m */,
			);
			path = UINavigationController;
			sourceTree = "<group>";
		};
		6BD76658208508F5003FD599 /* UITabBar */ = {
			isa = PBXGroup;
			children = (
				6BD7665A208508F5003FD599 /* UITabBar+Dot.h */,
				6BD76659208508F5003FD599 /* UITabBar+Dot.m */,
			);
			path = UITabBar;
			sourceTree = "<group>";
		};
		6BD7665B208508F5003FD599 /* UIImage */ = {
			isa = PBXGroup;
			children = (
				6BD7665E208508F5003FD599 /* UIImage+ImageEffects.h */,
				6BD76665208508F5003FD599 /* UIImage+ImageEffects.m */,
				6BD7665F208508F5003FD599 /* UIImage+JCPictureEdit.h */,
				6BD76664208508F5003FD599 /* UIImage+JCPictureEdit.m */,
				6BD76663208508F5003FD599 /* UIImage+Name.h */,
				6BD7665D208508F5003FD599 /* UIImage+Name.m */,
				6BD76660208508F5003FD599 /* UIImage+Read.h */,
				6BD76667208508F5003FD599 /* UIImage+Read.m */,
				6BD7665C208508F5003FD599 /* UIImage+Tint.h */,
				6BD76662208508F5003FD599 /* UIImage+Tint.m */,
			);
			path = UIImage;
			sourceTree = "<group>";
		};
		6BD766B8208511D7003FD599 /* Image */ = {
			isa = PBXGroup;
			children = (
				E6E05AD6209C358C00C54A24 /* chatBg_1.jpg */,
				9E7276652089E52000FE9454 /* chatBg.png */,
				6BD766422085085A003FD599 /* corver.jpg */,
			);
			path = Image;
			sourceTree = "<group>";
		};
		6BD766B9208511E3003FD599 /* music */ = {
			isa = PBXGroup;
			children = (
				6BD766B7208511D1003FD599 /* linJiang.m4a */,
			);
			path = music;
			sourceTree = "<group>";
		};
		9E72763D20889E7700FE9454 /* UILabel */ = {
			isa = PBXGroup;
			children = (
				9E72763E2088A01900FE9454 /* RGBorderLabel.h */,
				9E72763F2088A01900FE9454 /* RGBorderLabel.m */,
			);
			path = UILabel;
			sourceTree = "<group>";
		};
		9E72764D2088FE4800FE9454 /* Chat */ = {
			isa = PBXGroup;
			children = (
				9E72764F2088FE7600FE9454 /* Controller */,
				9E727668208A238400FE9454 /* Model */,
				9E72764E2088FE6F00FE9454 /* View */,
			);
			path = Chat;
			sourceTree = "<group>";
		};
		9E72764E2088FE6F00FE9454 /* View */ = {
			isa = PBXGroup;
			children = (
				9E7276492088FE2A00FE9454 /* CTChatTableViewCell.h */,
				9E72764A2088FE2A00FE9454 /* CTChatTableViewCell.m */,
				9E7276502088FEBE00FE9454 /* CTChatTableViewCell.xib */,
				9E72765320896B9B00FE9454 /* CTChatBubbleLabel.h */,
				9E72765420896B9B00FE9454 /* CTChatBubbleLabel.m */,
				9E727673208C13BF00FE9454 /* CTChatInputView.h */,
				9E727674208C13BF00FE9454 /* CTChatInputView.m */,
				9E72767B208DBE7D00FE9454 /* CTStubbornView.h */,
				9E72767C208DBE7D00FE9454 /* CTStubbornView.m */,
				E6B7F45D2093DE2B00918BC8 /* CTCameraView.h */,
				E6B7F45E2093DE2B00918BC8 /* CTCameraView.m */,
				E6B7F4892096869800918BC8 /* CTMusicButton.h */,
				E6B7F48A2096869800918BC8 /* CTMusicButton.m */,
			);
			path = View;
			sourceTree = "<group>";
		};
		9E72764F2088FE7600FE9454 /* Controller */ = {
			isa = PBXGroup;
			children = (
				9E7276422088F3B200FE9454 /* CTChatTableViewController.h */,
				9E7276432088F3B200FE9454 /* CTChatTableViewController.m */,
			);
			path = Controller;
			sourceTree = "<group>";
		};
		9E727668208A238400FE9454 /* Model */ = {
			isa = PBXGroup;
			children = (
				9E727669208A23D600FE9454 /* CTChatModel.h */,
				9E72766A208A23D600FE9454 /* CTChatModel.m */,
			);
			path = Model;
			sourceTree = "<group>";
		};
		9E72766D208A36B500FE9454 /* Base */ = {
			isa = PBXGroup;
			children = (
				E6035A19209BF9AF00A6C6CA /* UIView */,
				9E72763D20889E7700FE9454 /* UILabel */,
				9E727672208ACA5100FE9454 /* UINavigationController */,
			);
			path = Base;
			sourceTree = "<group>";
		};
		9E727672208ACA5100FE9454 /* UINavigationController */ = {
			isa = PBXGroup;
			children = (
				9E72766E208A36F500FE9454 /* CTNavigationController.h */,
				9E72766F208A36F500FE9454 /* CTNavigationController.m */,
			);
			path = UINavigationController;
			sourceTree = "<group>";
		};
		E6035A19209BF9AF00A6C6CA /* UIView */ = {
			isa = PBXGroup;
			children = (
				E6035A15209BF9AB00A6C6CA /* RGBubbleView.h */,
				E6035A16209BF9AB00A6C6CA /* RGBubbleView.m */,
			);
			path = UIView;
			sourceTree = "<group>";
		};
		E6B7F4612093F9B300918BC8 /* UIViewController */ = {
			isa = PBXGroup;
			children = (
				E6B7F4632093F9B300918BC8 /* UIViewController+BarFrame.h */,
				E6B7F4652093F9B300918BC8 /* UIViewController+BarFrame.m */,
				E6B7F46E2093FBB100918BC8 /* UIViewController+SafeArea.h */,
				E6B7F46F2093FBB100918BC8 /* UIViewController+SafeArea.m */,
				E64713512096EC1600A304BC /* UIViewController+DragBarItem.h */,
				E64713522096EC1600A304BC /* UIViewController+DragBarItem.m */,
			);
			path = UIViewController;
			sourceTree = "<group>";
		};
		E6B7F4762094468700918BC8 /* UINavigationItem */ = {
			isa = PBXGroup;
			children = (
				E6B7F4772094468700918BC8 /* UINavigationItem+Gesture.h */,
				E6B7F4782094468700918BC8 /* UINavigationItem+Gesture.m */,
			);
			path = UINavigationItem;
			sourceTree = "<group>";
		};
/* End PBXGroup section */

/* Begin PBXNativeTarget section */
		6BD76627208504E3003FD599 /* CampTalk */ = {
			isa = PBXNativeTarget;
			buildConfigurationList = 6BD7663E208504E3003FD599 /* Build configuration list for PBXNativeTarget "CampTalk" */;
			buildPhases = (
				6BD76624208504E3003FD599 /* Sources */,
				6BD76625208504E3003FD599 /* Frameworks */,
				6BD76626208504E3003FD599 /* Resources */,
			);
			buildRules = (
			);
			dependencies = (
			);
			name = CampTalk;
			productName = CampTalk;
			productReference = 6BD76628208504E3003FD599 /* CampTalk.app */;
			productType = "com.apple.product-type.application";
		};
		6BD7669C20850E11003FD599 /* CampTalk Beta */ = {
			isa = PBXNativeTarget;
			buildConfigurationList = 6BD766B220850E11003FD599 /* Build configuration list for PBXNativeTarget "CampTalk Beta" */;
			buildPhases = (
				6BD7669D20850E11003FD599 /* Sources */,
				6BD766AC20850E11003FD599 /* Frameworks */,
				6BD766AD20850E11003FD599 /* Resources */,
			);
			buildRules = (
			);
			dependencies = (
			);
			name = "CampTalk Beta";
			productName = CampTalk;
			productReference = 6BD766B520850E11003FD599 /* CampTalk Beta.app */;
			productType = "com.apple.product-type.application";
		};
/* End PBXNativeTarget section */

/* Begin PBXProject section */
		6BD76620208504E3003FD599 /* Project object */ = {
			isa = PBXProject;
			attributes = {
				LastUpgradeCheck = 0930;
				ORGANIZATIONNAME = yuru;
				TargetAttributes = {
					6BD76627208504E3003FD599 = {
						CreatedOnToolsVersion = 9.2;
						ProvisioningStyle = Automatic;
					};
					6BD7669C20850E11003FD599 = {
						ProvisioningStyle = Automatic;
					};
				};
			};
			buildConfigurationList = 6BD76623208504E3003FD599 /* Build configuration list for PBXProject "CampTalk" */;
			compatibilityVersion = "Xcode 8.0";
			developmentRegion = en;
			hasScannedForEncodings = 0;
			knownRegions = (
				en,
				Base,
			);
			mainGroup = 6BD7661F208504E3003FD599;
			productRefGroup = 6BD76629208504E3003FD599 /* Products */;
			projectDirPath = "";
			projectRoot = "";
			targets = (
				6BD76627208504E3003FD599 /* CampTalk */,
				6BD7669C20850E11003FD599 /* CampTalk Beta */,
			);
		};
/* End PBXProject section */

/* Begin PBXResourcesBuildPhase section */
		6BD76626208504E3003FD599 /* Resources */ = {
			isa = PBXResourcesBuildPhase;
			buildActionMask = 2147483647;
			files = (
				6BD76638208504E3003FD599 /* LaunchScreen.storyboard in Resources */,
				6BD766BA208515B8003FD599 /* linJiang.m4a in Resources */,
				6BD76635208504E3003FD599 /* Assets.xcassets in Resources */,
				6BD766432085085A003FD599 /* corver.jpg in Resources */,
				E6E05AD7209C358C00C54A24 /* chatBg_1.jpg in Resources */,
				9E7276662089E52000FE9454 /* chatBg.png in Resources */,
				9E7276512088FEBE00FE9454 /* CTChatTableViewCell.xib in Resources */,
				6BD76633208504E3003FD599 /* Main.storyboard in Resources */,
			);
			runOnlyForDeploymentPostprocessing = 0;
		};
		6BD766AD20850E11003FD599 /* Resources */ = {
			isa = PBXResourcesBuildPhase;
			buildActionMask = 2147483647;
			files = (
				6BD766AE20850E11003FD599 /* LaunchScreen.storyboard in Resources */,
				6BD766BB208515B9003FD599 /* linJiang.m4a in Resources */,
				6BD766AF20850E11003FD599 /* Assets.xcassets in Resources */,
				6BD766B020850E11003FD599 /* corver.jpg in Resources */,
				E6E05AD8209C358C00C54A24 /* chatBg_1.jpg in Resources */,
				9E7276672089E52000FE9454 /* chatBg.png in Resources */,
				9E7276522088FEBE00FE9454 /* CTChatTableViewCell.xib in Resources */,
				6BD766B120850E11003FD599 /* Main.storyboard in Resources */,
			);
			runOnlyForDeploymentPostprocessing = 0;
		};
/* End PBXResourcesBuildPhase section */

/* Begin PBXSourcesBuildPhase section */
		6BD76624208504E3003FD599 /* Sources */ = {
			isa = PBXSourcesBuildPhase;
			buildActionMask = 2147483647;
			files = (
				E6B7F45F2093DE2B00918BC8 /* CTCameraView.m in Sources */,
				6BD76630208504E3003FD599 /* ViewController.m in Sources */,
				6BD76679208508F5003FD599 /* UIImage+Name.m in Sources */,
				E6B7F47D20944FA900918BC8 /* UIView+PanGestureHelp.m in Sources */,
				6BD76674208508F5003FD599 /* UIView+LayoutHelp.m in Sources */,
				6BD76675208508F5003FD599 /* UIView+JTParentVC.m in Sources */,
				9E7276442088F3B300FE9454 /* CTChatTableViewController.m in Sources */,
				E6B7F4702093FBB100918BC8 /* UIViewController+SafeArea.m in Sources */,
				6BD76677208508F5003FD599 /* UINavigationController+ShouldPop.m in Sources */,
				6BD76678208508F5003FD599 /* UITabBar+Dot.m in Sources */,
				E6B7F4792094468700918BC8 /* UINavigationItem+Gesture.m in Sources */,
				E6035A17209BF9AB00A6C6CA /* RGBubbleView.m in Sources */,
				9E727670208A36F500FE9454 /* CTNavigationController.m in Sources */,
				6BD7663B208504E3003FD599 /* main.m in Sources */,
				6BD7662D208504E3003FD599 /* AppDelegate.m in Sources */,
				9E72764B2088FE2A00FE9454 /* CTChatTableViewCell.m in Sources */,
				9E72765520896B9C00FE9454 /* CTChatBubbleLabel.m in Sources */,
				6BD7667B208508F5003FD599 /* UIImage+Tint.m in Sources */,
				6BD7667C208508F5003FD599 /* UIImage+JCPictureEdit.m in Sources */,
				9E727675208C13BF00FE9454 /* CTChatInputView.m in Sources */,
				E6B7F4682093F9B300918BC8 /* UIViewController+BarFrame.m in Sources */,
				6BD76676208508F5003FD599 /* UIView+Radius.m in Sources */,
				6BD7667D208508F5003FD599 /* UIImage+ImageEffects.m in Sources */,
				9E72767D208DBE7D00FE9454 /* CTStubbornView.m in Sources */,
				E64713532096EC1700A304BC /* UIViewController+DragBarItem.m in Sources */,
				E6B7F48B2096869800918BC8 /* CTMusicButton.m in Sources */,
				6BD7667E208508F5003FD599 /* UIImage+Read.m in Sources */,
				9E72766B208A23D600FE9454 /* CTChatModel.m in Sources */,
				9E7276402088A01900FE9454 /* RGBorderLabel.m in Sources */,
			);
			runOnlyForDeploymentPostprocessing = 0;
		};
		6BD7669D20850E11003FD599 /* Sources */ = {
			isa = PBXSourcesBuildPhase;
			buildActionMask = 2147483647;
			files = (
				E6B7F4602093DE2B00918BC8 /* CTCameraView.m in Sources */,
				6BD7669E20850E11003FD599 /* ViewController.m in Sources */,
				6BD7669F20850E11003FD599 /* UIImage+Name.m in Sources */,
				E6B7F47E20944FA900918BC8 /* UIView+PanGestureHelp.m in Sources */,
				6BD766A020850E11003FD599 /* UIView+LayoutHelp.m in Sources */,
				6BD766A120850E11003FD599 /* UIView+JTParentVC.m in Sources */,
				9E7276452088F3B300FE9454 /* CTChatTableViewController.m in Sources */,
				E6B7F4712093FBB100918BC8 /* UIViewController+SafeArea.m in Sources */,
				6BD766A220850E11003FD599 /* UINavigationController+ShouldPop.m in Sources */,
				6BD766A320850E11003FD599 /* UITabBar+Dot.m in Sources */,
				E6B7F47A2094468700918BC8 /* UINavigationItem+Gesture.m in Sources */,
				E6035A18209BF9AB00A6C6CA /* RGBubbleView.m in Sources */,
				9E727671208A36F500FE9454 /* CTNavigationController.m in Sources */,
				6BD766A420850E11003FD599 /* main.m in Sources */,
				6BD766A520850E11003FD599 /* AppDelegate.m in Sources */,
				9E72764C2088FE2A00FE9454 /* CTChatTableViewCell.m in Sources */,
				9E72765620896B9C00FE9454 /* CTChatBubbleLabel.m in Sources */,
				6BD766A720850E11003FD599 /* UIImage+Tint.m in Sources */,
				6BD766A820850E11003FD599 /* UIImage+JCPictureEdit.m in Sources */,
				9E727676208C13BF00FE9454 /* CTChatInputView.m in Sources */,
				E6B7F4692093F9B300918BC8 /* UIViewController+BarFrame.m in Sources */,
				6BD766A920850E11003FD599 /* UIView+Radius.m in Sources */,
				6BD766AA20850E11003FD599 /* UIImage+ImageEffects.m in Sources */,
				9E72767E208DBE7D00FE9454 /* CTStubbornView.m in Sources */,
				E64713542096EC1700A304BC /* UIViewController+DragBarItem.m in Sources */,
				E6B7F48C2096869800918BC8 /* CTMusicButton.m in Sources */,
				6BD766AB20850E11003FD599 /* UIImage+Read.m in Sources */,
				9E72766C208A23D600FE9454 /* CTChatModel.m in Sources */,
				9E7276412088A01900FE9454 /* RGBorderLabel.m in Sources */,
			);
			runOnlyForDeploymentPostprocessing = 0;
		};
/* End PBXSourcesBuildPhase section */

/* Begin PBXVariantGroup section */
		6BD76631208504E3003FD599 /* Main.storyboard */ = {
			isa = PBXVariantGroup;
			children = (
				6BD76632208504E3003FD599 /* Base */,
			);
			name = Main.storyboard;
			sourceTree = "<group>";
		};
		6BD76636208504E3003FD599 /* LaunchScreen.storyboard */ = {
			isa = PBXVariantGroup;
			children = (
				6BD76637208504E3003FD599 /* Base */,
			);
			name = LaunchScreen.storyboard;
			sourceTree = "<group>";
		};
/* End PBXVariantGroup section */

/* Begin XCBuildConfiguration section */
		6BD7663C208504E3003FD599 /* Debug */ = {
			isa = XCBuildConfiguration;
			buildSettings = {
				ALWAYS_SEARCH_USER_PATHS = NO;
				CLANG_ANALYZER_NONNULL = YES;
				CLANG_ANALYZER_NUMBER_OBJECT_CONVERSION = YES_AGGRESSIVE;
				CLANG_CXX_LANGUAGE_STANDARD = "gnu++14";
				CLANG_CXX_LIBRARY = "libc++";
				CLANG_ENABLE_MODULES = YES;
				CLANG_ENABLE_OBJC_ARC = YES;
				CLANG_WARN_BLOCK_CAPTURE_AUTORELEASING = YES;
				CLANG_WARN_BOOL_CONVERSION = YES;
				CLANG_WARN_COMMA = YES;
				CLANG_WARN_CONSTANT_CONVERSION = YES;
				CLANG_WARN_DEPRECATED_OBJC_IMPLEMENTATIONS = YES;
				CLANG_WARN_DIRECT_OBJC_ISA_USAGE = YES_ERROR;
				CLANG_WARN_DOCUMENTATION_COMMENTS = YES;
				CLANG_WARN_EMPTY_BODY = YES;
				CLANG_WARN_ENUM_CONVERSION = YES;
				CLANG_WARN_INFINITE_RECURSION = YES;
				CLANG_WARN_INT_CONVERSION = YES;
				CLANG_WARN_NON_LITERAL_NULL_CONVERSION = YES;
				CLANG_WARN_OBJC_IMPLICIT_RETAIN_SELF = YES;
				CLANG_WARN_OBJC_LITERAL_CONVERSION = YES;
				CLANG_WARN_OBJC_ROOT_CLASS = YES_ERROR;
				CLANG_WARN_RANGE_LOOP_ANALYSIS = YES;
				CLANG_WARN_STRICT_PROTOTYPES = YES;
				CLANG_WARN_SUSPICIOUS_MOVE = YES;
				CLANG_WARN_UNGUARDED_AVAILABILITY = YES_AGGRESSIVE;
				CLANG_WARN_UNREACHABLE_CODE = YES;
				CLANG_WARN__DUPLICATE_METHOD_MATCH = YES;
				CODE_SIGN_IDENTITY = "iPhone Developer";
				COPY_PHASE_STRIP = NO;
				DEBUG_INFORMATION_FORMAT = dwarf;
				ENABLE_STRICT_OBJC_MSGSEND = YES;
				ENABLE_TESTABILITY = YES;
				GCC_C_LANGUAGE_STANDARD = gnu11;
				GCC_DYNAMIC_NO_PIC = NO;
				GCC_NO_COMMON_BLOCKS = YES;
				GCC_OPTIMIZATION_LEVEL = 0;
				GCC_PREPROCESSOR_DEFINITIONS = (
					"DEBUG=1",
					"$(inherited)",
				);
				GCC_WARN_64_TO_32_BIT_CONVERSION = YES;
				GCC_WARN_ABOUT_RETURN_TYPE = YES_ERROR;
				GCC_WARN_UNDECLARED_SELECTOR = YES;
				GCC_WARN_UNINITIALIZED_AUTOS = YES_AGGRESSIVE;
				GCC_WARN_UNUSED_FUNCTION = YES;
				GCC_WARN_UNUSED_VARIABLE = YES;
				IPHONEOS_DEPLOYMENT_TARGET = 11.2;
				MTL_ENABLE_DEBUG_INFO = YES;
				ONLY_ACTIVE_ARCH = YES;
				SDKROOT = iphoneos;
			};
			name = Debug;
		};
		6BD7663D208504E3003FD599 /* Release */ = {
			isa = XCBuildConfiguration;
			buildSettings = {
				ALWAYS_SEARCH_USER_PATHS = NO;
				CLANG_ANALYZER_NONNULL = YES;
				CLANG_ANALYZER_NUMBER_OBJECT_CONVERSION = YES_AGGRESSIVE;
				CLANG_CXX_LANGUAGE_STANDARD = "gnu++14";
				CLANG_CXX_LIBRARY = "libc++";
				CLANG_ENABLE_MODULES = YES;
				CLANG_ENABLE_OBJC_ARC = YES;
				CLANG_WARN_BLOCK_CAPTURE_AUTORELEASING = YES;
				CLANG_WARN_BOOL_CONVERSION = YES;
				CLANG_WARN_COMMA = YES;
				CLANG_WARN_CONSTANT_CONVERSION = YES;
				CLANG_WARN_DEPRECATED_OBJC_IMPLEMENTATIONS = YES;
				CLANG_WARN_DIRECT_OBJC_ISA_USAGE = YES_ERROR;
				CLANG_WARN_DOCUMENTATION_COMMENTS = YES;
				CLANG_WARN_EMPTY_BODY = YES;
				CLANG_WARN_ENUM_CONVERSION = YES;
				CLANG_WARN_INFINITE_RECURSION = YES;
				CLANG_WARN_INT_CONVERSION = YES;
				CLANG_WARN_NON_LITERAL_NULL_CONVERSION = YES;
				CLANG_WARN_OBJC_IMPLICIT_RETAIN_SELF = YES;
				CLANG_WARN_OBJC_LITERAL_CONVERSION = YES;
				CLANG_WARN_OBJC_ROOT_CLASS = YES_ERROR;
				CLANG_WARN_RANGE_LOOP_ANALYSIS = YES;
				CLANG_WARN_STRICT_PROTOTYPES = YES;
				CLANG_WARN_SUSPICIOUS_MOVE = YES;
				CLANG_WARN_UNGUARDED_AVAILABILITY = YES_AGGRESSIVE;
				CLANG_WARN_UNREACHABLE_CODE = YES;
				CLANG_WARN__DUPLICATE_METHOD_MATCH = YES;
				CODE_SIGN_IDENTITY = "iPhone Developer";
				COPY_PHASE_STRIP = NO;
				DEBUG_INFORMATION_FORMAT = "dwarf-with-dsym";
				ENABLE_NS_ASSERTIONS = NO;
				ENABLE_STRICT_OBJC_MSGSEND = YES;
				GCC_C_LANGUAGE_STANDARD = gnu11;
				GCC_NO_COMMON_BLOCKS = YES;
				GCC_WARN_64_TO_32_BIT_CONVERSION = YES;
				GCC_WARN_ABOUT_RETURN_TYPE = YES_ERROR;
				GCC_WARN_UNDECLARED_SELECTOR = YES;
				GCC_WARN_UNINITIALIZED_AUTOS = YES_AGGRESSIVE;
				GCC_WARN_UNUSED_FUNCTION = YES;
				GCC_WARN_UNUSED_VARIABLE = YES;
				IPHONEOS_DEPLOYMENT_TARGET = 11.2;
				MTL_ENABLE_DEBUG_INFO = NO;
				SDKROOT = iphoneos;
				VALIDATE_PRODUCT = YES;
			};
			name = Release;
		};
		6BD7663F208504E3003FD599 /* Debug */ = {
			isa = XCBuildConfiguration;
			buildSettings = {
				ASSETCATALOG_COMPILER_APPICON_NAME = AppIcon;
				CODE_SIGN_IDENTITY = "iPhone Developer";
				CODE_SIGN_STYLE = Automatic;
				DEVELOPMENT_TEAM = "";
				INFOPLIST_FILE = CampTalk/Info.plist;
				IPHONEOS_DEPLOYMENT_TARGET = 8.0;
				LD_RUNPATH_SEARCH_PATHS = "$(inherited) @executable_path/Frameworks";
				PRODUCT_BUNDLE_IDENTIFIER = org.yuru.CampTalk;
				PRODUCT_NAME = "$(TARGET_NAME)";
				PROVISIONING_PROFILE_SPECIFIER = "";
				TARGETED_DEVICE_FAMILY = "1,2";
			};
			name = Debug;
		};
		6BD76640208504E3003FD599 /* Release */ = {
			isa = XCBuildConfiguration;
			buildSettings = {
				ASSETCATALOG_COMPILER_APPICON_NAME = AppIcon;
				CODE_SIGN_IDENTITY = "iPhone Developer";
				CODE_SIGN_STYLE = Automatic;
				DEVELOPMENT_TEAM = "";
				INFOPLIST_FILE = CampTalk/Info.plist;
				IPHONEOS_DEPLOYMENT_TARGET = 8.0;
				LD_RUNPATH_SEARCH_PATHS = "$(inherited) @executable_path/Frameworks";
				PRODUCT_BUNDLE_IDENTIFIER = org.yuru.CampTalk;
				PRODUCT_NAME = "$(TARGET_NAME)";
				PROVISIONING_PROFILE_SPECIFIER = "";
				TARGETED_DEVICE_FAMILY = "1,2";
			};
			name = Release;
		};
		6BD766B320850E11003FD599 /* Debug */ = {
			isa = XCBuildConfiguration;
			buildSettings = {
				ASSETCATALOG_COMPILER_APPICON_NAME = AppIcon;
				CODE_SIGN_IDENTITY = "iPhone Developer";
				CODE_SIGN_STYLE = Automatic;
				DEVELOPMENT_TEAM = "";
				INFOPLIST_FILE = "$(SRCROOT)/CampTalk/Info.plist";
				IPHONEOS_DEPLOYMENT_TARGET = 8.0;
				LD_RUNPATH_SEARCH_PATHS = "$(inherited) @executable_path/Frameworks";
				PRODUCT_BUNDLE_IDENTIFIER = org.yuru.CampTalkBeta;
				PRODUCT_NAME = "$(TARGET_NAME)";
				PROVISIONING_PROFILE_SPECIFIER = "";
				TARGETED_DEVICE_FAMILY = "1,2";
			};
			name = Debug;
		};
		6BD766B420850E11003FD599 /* Release */ = {
			isa = XCBuildConfiguration;
			buildSettings = {
				ASSETCATALOG_COMPILER_APPICON_NAME = AppIcon;
				CODE_SIGN_IDENTITY = "iPhone Developer";
				CODE_SIGN_STYLE = Automatic;
				DEVELOPMENT_TEAM = "";
				INFOPLIST_FILE = "$(SRCROOT)/CampTalk/Info.plist";
				IPHONEOS_DEPLOYMENT_TARGET = 8.0;
				LD_RUNPATH_SEARCH_PATHS = "$(inherited) @executable_path/Frameworks";
				PRODUCT_BUNDLE_IDENTIFIER = org.yuru.CampTalkBeta;
				PRODUCT_NAME = "$(TARGET_NAME)";
				PROVISIONING_PROFILE_SPECIFIER = "";
				TARGETED_DEVICE_FAMILY = "1,2";
			};
			name = Release;
		};
/* End XCBuildConfiguration section */

/* Begin XCConfigurationList section */
		6BD76623208504E3003FD599 /* Build configuration list for PBXProject "CampTalk" */ = {
			isa = XCConfigurationList;
			buildConfigurations = (
				6BD7663C208504E3003FD599 /* Debug */,
				6BD7663D208504E3003FD599 /* Release */,
			);
			defaultConfigurationIsVisible = 0;
			defaultConfigurationName = Release;
		};
		6BD7663E208504E3003FD599 /* Build configuration list for PBXNativeTarget "CampTalk" */ = {
			isa = XCConfigurationList;
			buildConfigurations = (
				6BD7663F208504E3003FD599 /* Debug */,
				6BD76640208504E3003FD599 /* Release */,
			);
			defaultConfigurationIsVisible = 0;
			defaultConfigurationName = Release;
		};
		6BD766B220850E11003FD599 /* Build configuration list for PBXNativeTarget "CampTalk Beta" */ = {
			isa = XCConfigurationList;
			buildConfigurations = (
				6BD766B320850E11003FD599 /* Debug */,
				6BD766B420850E11003FD599 /* Release */,
			);
			defaultConfigurationIsVisible = 0;
			defaultConfigurationName = Release;
		};
/* End XCConfigurationList section */
	};
	rootObject = 6BD76620208504E3003FD599 /* Project object */;
}
